
Microsoft Visual Studio Solution File, Format Version 12.00
# Visual Studio Version 16
VisualStudioVersion = 16.0.29324.140
MinimumVisualStudioVersion = 10.0.40219.1
Project("{9A19103F-16F7-4668-BE54-9A1E7A4F7556}") = "WebCrawler", "WebCrawler\WebCrawler.csproj", "{DC4A7997-0FEB-468A-A822-44277BA640B3}"
EndProject
Project("{9A19103F-16F7-4668-BE54-9A1E7A4F7556}") = "WebAutoCrawler", "WebAutoCrawler\WebAutoCrawler.csproj", "{69BB6712-1321-4001-83CD-AE4D3AFA4C21}"
EndProject
Project("{9A19103F-16F7-4668-BE54-9A1E7A4F7556}") = "DataService", "DataService\DataService.csproj", "{591E9BB3-E35F-4356-802E-0A48FFAD14A6}"
EndProject
Project("{9A19103F-16F7-4668-BE54-9A1E7A4F7556}") = "Messages", "Messages\Messages.csproj", "{890D94B3-4863-4C12-9CBF-643E82933B11}"
EndProject
Project("{2150E333-8FDC-42A3-9474-1A3956D46DE8}") = "Solution Items", "Solution Items", "{E482A863-F0F3-4552-BE86-2810D46DDCEB}"
	ProjectSection(SolutionItems) = preProject
		Readme.md = Readme.md
	EndProjectSection
EndProject
Project("{9A19103F-16F7-4668-BE54-9A1E7A4F7556}") = "BlazorApp", "BlazorApp\BlazorApp.csproj", "{9A9036FD-03B7-4792-864B-344E1D20D53A}"
EndProject
Project("{9A19103F-16F7-4668-BE54-9A1E7A4F7556}") = "StockApi", "StockApi\StockApi.csproj", "{F6E4D955-B698-4C72-A0E2-0CE8B397B513}"
EndProject
Project("{9A19103F-16F7-4668-BE54-9A1E7A4F7556}") = "LineBotLibrary", "LineBotLibrary\src\LineBotLibrary.csproj", "{CA216FC2-86F2-431C-9E3F-7C859A0FBDE5}"
EndProject
Project("{9A19103F-16F7-4668-BE54-9A1E7A4F7556}") = "LineBotApi", "LineBotApi\src\LineBotApi.csproj", "{DB4ADAEC-96B2-45CE-8693-E7D76E471473}"
EndProject
Project("{9A19103F-16F7-4668-BE54-9A1E7A4F7556}") = "RealtimeChooseStock", "RealtimeChooseStock\RealtimeChooseStock.csproj", "{8F4F3332-19C4-451A-9231-D020D7A6EC30}"
EndProject
Global
	GlobalSection(SolutionConfigurationPlatforms) = preSolution
		Debug|Any CPU = Debug|Any CPU
		Release|Any CPU = Release|Any CPU
	EndGlobalSection
	GlobalSection(ProjectConfigurationPlatforms) = postSolution
		{DC4A7997-0FEB-468A-A822-44277BA640B3}.Debug|Any CPU.ActiveCfg = Debug|Any CPU
		{DC4A7997-0FEB-468A-A822-44277BA640B3}.Debug|Any CPU.Build.0 = Debug|Any CPU
		{DC4A7997-0FEB-468A-A822-44277BA640B3}.Release|Any CPU.ActiveCfg = Release|Any CPU
		{DC4A7997-0FEB-468A-A822-44277BA640B3}.Release|Any CPU.Build.0 = Release|Any CPU
		{69BB6712-1321-4001-83CD-AE4D3AFA4C21}.Debug|Any CPU.ActiveCfg = Debug|Any CPU
		{69BB6712-1321-4001-83CD-AE4D3AFA4C21}.Debug|Any CPU.Build.0 = Debug|Any CPU
		{69BB6712-1321-4001-83CD-AE4D3AFA4C21}.Release|Any CPU.ActiveCfg = Release|Any CPU
		{69BB6712-1321-4001-83CD-AE4D3AFA4C21}.Release|Any CPU.Build.0 = Release|Any CPU
		{591E9BB3-E35F-4356-802E-0A48FFAD14A6}.Debug|Any CPU.ActiveCfg = Debug|Any CPU
		{591E9BB3-E35F-4356-802E-0A48FFAD14A6}.Debug|Any CPU.Build.0 = Debug|Any CPU
		{591E9BB3-E35F-4356-802E-0A48FFAD14A6}.Release|Any CPU.ActiveCfg = Release|Any CPU
		{591E9BB3-E35F-4356-802E-0A48FFAD14A6}.Release|Any CPU.Build.0 = Release|Any CPU
		{890D94B3-4863-4C12-9CBF-643E82933B11}.Debug|Any CPU.ActiveCfg = Debug|Any CPU
		{890D94B3-4863-4C12-9CBF-643E82933B11}.Debug|Any CPU.Build.0 = Debug|Any CPU
		{890D94B3-4863-4C12-9CBF-643E82933B11}.Release|Any CPU.ActiveCfg = Release|Any CPU
		{890D94B3-4863-4C12-9CBF-643E82933B11}.Release|Any CPU.Build.0 = Release|Any CPU
		{9A9036FD-03B7-4792-864B-344E1D20D53A}.Debug|Any CPU.ActiveCfg = Debug|Any CPU
		{9A9036FD-03B7-4792-864B-344E1D20D53A}.Debug|Any CPU.Build.0 = Debug|Any CPU
		{9A9036FD-03B7-4792-864B-344E1D20D53A}.Release|Any CPU.ActiveCfg = Release|Any CPU
		{9A9036FD-03B7-4792-864B-344E1D20D53A}.Release|Any CPU.Build.0 = Release|Any CPU
		{F6E4D955-B698-4C72-A0E2-0CE8B397B513}.Debug|Any CPU.ActiveCfg = Debug|Any CPU
		{F6E4D955-B698-4C72-A0E2-0CE8B397B513}.Debug|Any CPU.Build.0 = Debug|Any CPU
		{F6E4D955-B698-4C72-A0E2-0CE8B397B513}.Release|Any CPU.ActiveCfg = Release|Any CPU
		{F6E4D955-B698-4C72-A0E2-0CE8B397B513}.Release|Any CPU.Build.0 = Release|Any CPU
		{CA216FC2-86F2-431C-9E3F-7C859A0FBDE5}.Debug|Any CPU.ActiveCfg = Debug|Any CPU
		{CA216FC2-86F2-431C-9E3F-7C859A0FBDE5}.Debug|Any CPU.Build.0 = Debug|Any CPU
		{CA216FC2-86F2-431C-9E3F-7C859A0FBDE5}.Release|Any CPU.ActiveCfg = Release|Any CPU
		{CA216FC2-86F2-431C-9E3F-7C859A0FBDE5}.Release|Any CPU.Build.0 = Release|Any CPU
		{DB4ADAEC-96B2-45CE-8693-E7D76E471473}.Debug|Any CPU.ActiveCfg = Debug|Any CPU
		{DB4ADAEC-96B2-45CE-8693-E7D76E471473}.Debug|Any CPU.Build.0 = Debug|Any CPU
		{DB4ADAEC-96B2-45CE-8693-E7D76E471473}.Release|Any CPU.ActiveCfg = Release|Any CPU
		{DB4ADAEC-96B2-45CE-8693-E7D76E471473}.Release|Any CPU.Build.0 = Release|Any CPU
		{8F4F3332-19C4-451A-9231-D020D7A6EC30}.Debug|Any CPU.ActiveCfg = Debug|Any CPU
		{8F4F3332-19C4-451A-9231-D020D7A6EC30}.Debug|Any CPU.Build.0 = Debug|Any CPU
		{8F4F3332-19C4-451A-9231-D020D7A6EC30}.Release|Any CPU.ActiveCfg = Release|Any CPU
		{8F4F3332-19C4-451A-9231-D020D7A6EC30}.Release|Any CPU.Build.0 = Release|Any CPU
	EndGlobalSection
	GlobalSection(SolutionProperties) = preSolution
		HideSolutionNode = FALSE
	EndGlobalSection
	GlobalSection(ExtensibilityGlobals) = postSolution
		SolutionGuid = {2E412ECC-8DC0-424E-A57E-2CD9D8B5D022}
	EndGlobalSection
EndGlobal
