
Microsoft Visual Studio Solution File, Format Version 12.00
# Visual Studio Version 16
VisualStudioVersion = 16.0.29324.140
MinimumVisualStudioVersion = 10.0.40219.1
Project("{9A19103F-16F7-4668-BE54-9A1E7A4F7556}") = "ConsoleApp", "ConsoleApp\ConsoleApp.csproj", "{2C75812C-8396-4D3C-8BB0-44488CF07501}"
EndProject
Project("{FAE04EC0-301F-11D3-BF4B-00C04F79EFBC}") = "WebCrawler", "WebCrawler\WebCrawler.csproj", "{BFD5798B-DFA6-494A-A778-205D0909BFAF}"
EndProject
Global
	GlobalSection(SolutionConfigurationPlatforms) = preSolution
		Debug|Any CPU = Debug|Any CPU
		Release|Any CPU = Release|Any CPU
	EndGlobalSection
	GlobalSection(ProjectConfigurationPlatforms) = postSolution
		{2C75812C-8396-4D3C-8BB0-44488CF07501}.Debug|Any CPU.ActiveCfg = Debug|Any CPU
		{2C75812C-8396-4D3C-8BB0-44488CF07501}.Debug|Any CPU.Build.0 = Debug|Any CPU
		{2C75812C-8396-4D3C-8BB0-44488CF07501}.Release|Any CPU.ActiveCfg = Release|Any CPU
		{2C75812C-8396-4D3C-8BB0-44488CF07501}.Release|Any CPU.Build.0 = Release|Any CPU
		{BFD5798B-DFA6-494A-A778-205D0909BFAF}.Debug|Any CPU.ActiveCfg = Debug|Any CPU
		{BFD5798B-DFA6-494A-A778-205D0909BFAF}.Debug|Any CPU.Build.0 = Debug|Any CPU
		{BFD5798B-DFA6-494A-A778-205D0909BFAF}.Release|Any CPU.ActiveCfg = Release|Any CPU
		{BFD5798B-DFA6-494A-A778-205D0909BFAF}.Release|Any CPU.Build.0 = Release|Any CPU
	EndGlobalSection
	GlobalSection(SolutionProperties) = preSolution
		HideSolutionNode = FALSE
	EndGlobalSection
	GlobalSection(ExtensibilityGlobals) = postSolution
		SolutionGuid = {2E412ECC-8DC0-424E-A57E-2CD9D8B5D022}
	EndGlobalSection
EndGlobal
