
Microsoft Visual Studio Solution File, Format Version 12.00
# Visual Studio Version 16
VisualStudioVersion = 16.0.29324.140
MinimumVisualStudioVersion = 10.0.40219.1
Project("{9A19103F-16F7-4668-BE54-9A1E7A4F7556}") = "WebCrawler", "WebCrawler\WebCrawler.csproj", "{DC4A7997-0FEB-468A-A822-44277BA640B3}"
EndProject
Project("{9A19103F-16F7-4668-BE54-9A1E7A4F7556}") = "WebAutoCrawler", "WebAutoCrawler\WebAutoCrawler.csproj", "{69BB6712-1321-4001-83CD-AE4D3AFA4C21}"
EndProject
Global
	GlobalSection(SolutionConfigurationPlatforms) = preSolution
		Debug|Any CPU = Debug|Any CPU
		Release|Any CPU = Release|Any CPU
	EndGlobalSection
	GlobalSection(ProjectConfigurationPlatforms) = postSolution
		{DC4A7997-0FEB-468A-A822-44277BA640B3}.Debug|Any CPU.ActiveCfg = Debug|Any CPU
		{DC4A7997-0FEB-468A-A822-44277BA640B3}.Debug|Any CPU.Build.0 = Debug|Any CPU
		{DC4A7997-0FEB-468A-A822-44277BA640B3}.Release|Any CPU.ActiveCfg = Release|Any CPU
		{DC4A7997-0FEB-468A-A822-44277BA640B3}.Release|Any CPU.Build.0 = Release|Any CPU
		{69BB6712-1321-4001-83CD-AE4D3AFA4C21}.Debug|Any CPU.ActiveCfg = Debug|Any CPU
		{69BB6712-1321-4001-83CD-AE4D3AFA4C21}.Debug|Any CPU.Build.0 = Debug|Any CPU
		{69BB6712-1321-4001-83CD-AE4D3AFA4C21}.Release|Any CPU.ActiveCfg = Release|Any CPU
		{69BB6712-1321-4001-83CD-AE4D3AFA4C21}.Release|Any CPU.Build.0 = Release|Any CPU
	EndGlobalSection
	GlobalSection(SolutionProperties) = preSolution
		HideSolutionNode = FALSE
	EndGlobalSection
	GlobalSection(ExtensibilityGlobals) = postSolution
		SolutionGuid = {2E412ECC-8DC0-424E-A57E-2CD9D8B5D022}
	EndGlobalSection
EndGlobal
