
Microsoft Visual Studio Solution File, Format Version 12.00
# Visual Studio Version 16
VisualStudioVersion = 16.0.29519.181
MinimumVisualStudioVersion = 10.0.40219.1
Project("{9A19103F-16F7-4668-BE54-9A1E7A4F7556}") = "RealtimeChooseStock", "RealtimeChooseStock.csproj", "{43BEEF05-140F-4CE6-B874-355CA0645801}"
EndProject
Global
	GlobalSection(SolutionConfigurationPlatforms) = preSolution
		Debug|Any CPU = Debug|Any CPU
		Debug|x64 = Debug|x64
		Debug|x86 = Debug|x86
		Release|Any CPU = Release|Any CPU
		Release|x64 = Release|x64
		Release|x86 = Release|x86
	EndGlobalSection
	GlobalSection(ProjectConfigurationPlatforms) = postSolution
		{43BEEF05-140F-4CE6-B874-355CA0645801}.Debug|Any CPU.ActiveCfg = Debug|Any CPU
		{43BEEF05-140F-4CE6-B874-355CA0645801}.Debug|Any CPU.Build.0 = Debug|Any CPU
		{43BEEF05-140F-4CE6-B874-355CA0645801}.Debug|x64.ActiveCfg = Debug|Any CPU
		{43BEEF05-140F-4CE6-B874-355CA0645801}.Debug|x64.Build.0 = Debug|Any CPU
		{43BEEF05-140F-4CE6-B874-355CA0645801}.Debug|x86.ActiveCfg = Debug|Any CPU
		{43BEEF05-140F-4CE6-B874-355CA0645801}.Debug|x86.Build.0 = Debug|Any CPU
		{43BEEF05-140F-4CE6-B874-355CA0645801}.Release|Any CPU.ActiveCfg = Release|Any CPU
		{43BEEF05-140F-4CE6-B874-355CA0645801}.Release|Any CPU.Build.0 = Release|Any CPU
		{43BEEF05-140F-4CE6-B874-355CA0645801}.Release|x64.ActiveCfg = Release|Any CPU
		{43BEEF05-140F-4CE6-B874-355CA0645801}.Release|x64.Build.0 = Release|Any CPU
		{43BEEF05-140F-4CE6-B874-355CA0645801}.Release|x86.ActiveCfg = Release|Any CPU
		{43BEEF05-140F-4CE6-B874-355CA0645801}.Release|x86.Build.0 = Release|Any CPU
	EndGlobalSection
	GlobalSection(SolutionProperties) = preSolution
		HideSolutionNode = FALSE
	EndGlobalSection
	GlobalSection(ExtensibilityGlobals) = postSolution
		SolutionGuid = {BEF0019D-7C1D-4B60-8260-EEBF537FEDBC}
	EndGlobalSection
EndGlobal
